<?xml version="1.0" encoding="utf-8"?>
<Project ToolsVersion="4.0" xmlns="http://schemas.microsoft.com/developer/msbuild/2003">
  <ItemGroup>
    <Filter Include="pown">
      <UniqueIdentifier>{942253a8-e66a-4ff9-a232-106040664b70}</UniqueIdentifier>
    </Filter>
  </ItemGroup>
  <ItemGroup>
    <ClCompile Include="src\main.cpp" />
    <ClCompile Include="src\pown\Box.cpp">
      <Filter>pown</Filter>
    </ClCompile>
    <ClCompile Include="src\pown\Pown.cpp">
      <Filter>pown</Filter>
    </ClCompile>
    <ClCompile Include="src\pown\Spot.cpp">
      <Filter>pown</Filter>
    </ClCompile>
    <ClCompile Include="src\pown\Bolt.cpp">
      <Filter>pown</Filter>
    </ClCompile>
    <ClCompile Include="src\pown\PownConstants.cpp">
      <Filter>pown</Filter>
    </ClCompile>
  </ItemGroup>
  <ItemGroup>
    <ClInclude Include="src\pown\Box.h">
      <Filter>pown</Filter>
    </ClInclude>
    <ClInclude Include="src\pown\Pown.h">
      <Filter>pown</Filter>
    </ClInclude>
    <ClInclude Include="src\pown\Spot.h">
      <Filter>pown</Filter>
    </ClInclude>
    <ClInclude Include="src\pown\Bolt.h">
      <Filter>pown</Filter>
    </ClInclude>
    <ClInclude Include="src\pown\PownConstants.h">
      <Filter>pown</Filter>
    </ClInclude>
  </ItemGroup>
</Project>