<?xml version="1.0" encoding="utf-8"?>
<Project ToolsVersion="4.0" xmlns="http://schemas.microsoft.com/developer/msbuild/2003">
  <ItemGroup>
    <ClCompile Include="..\..\..\addons\ofxOpenCv\src\ofxCvColorImage.cpp">
      <Filter>addons\ofxOpenCv\src</Filter>
    </ClCompile>
    <ClCompile Include="..\..\..\addons\ofxOpenCv\src\ofxCvContourFinder.cpp">
      <Filter>addons\ofxOpenCv\src</Filter>
    </ClCompile>
    <ClCompile Include="..\..\..\addons\ofxOpenCv\src\ofxCvFloatImage.cpp">
      <Filter>addons\ofxOpenCv\src</Filter>
    </ClCompile>
    <ClCompile Include="..\..\..\addons\ofxOpenCv\src\ofxCvGrayscaleImage.cpp">
      <Filter>addons\ofxOpenCv\src</Filter>
    </ClCompile>
    <ClCompile Include="..\..\..\addons\ofxOpenCv\src\ofxCvImage.cpp">
      <Filter>addons\ofxOpenCv\src</Filter>
    </ClCompile>
    <ClCompile Include="..\..\..\addons\ofxOpenCv\src\ofxCvShortImage.cpp">
      <Filter>addons\ofxOpenCv\src</Filter>
    </ClCompile>
    <ClCompile Include="..\..\..\addons\ofxKinect\src\ofxKinect.cpp">
      <Filter>addons\ofxKinect\src</Filter>
    </ClCompile>
    <ClCompile Include="..\..\..\addons\ofxKinect\src\ofxKinectCalibration.cpp">
      <Filter>addons\ofxKinect\src</Filter>
    </ClCompile>
    <ClCompile Include="..\..\..\addons\ofxKinect\src\ofxKinectPlayer.cpp">
      <Filter>addons\ofxKinect\src</Filter>
    </ClCompile>
    <ClCompile Include="..\..\..\addons\ofxKinect\src\ofxKinectRecorder.cpp">
      <Filter>addons\ofxKinect\src</Filter>
    </ClCompile>
    <ClCompile Include="..\..\..\addons\ofxMSAInteractiveObject\src\ofxMSAInteractiveObject.cpp">
      <Filter>addons\ofxMSAInteractiveObjects\src</Filter>
    </ClCompile>
    <ClCompile Include="..\..\..\addons\ofxXmlSettings\libs\tinyxml.cpp">
      <Filter>addons\ofxXmlSettings\libs</Filter>
    </ClCompile>
    <ClCompile Include="..\..\..\addons\ofxXmlSettings\libs\tinyxmlerror.cpp">
      <Filter>addons\ofxXmlSettings\libs</Filter>
    </ClCompile>
    <ClCompile Include="..\..\..\addons\ofxXmlSettings\libs\tinyxmlparser.cpp">
      <Filter>addons\ofxXmlSettings\libs</Filter>
    </ClCompile>
    <ClCompile Include="..\..\..\addons\ofxXmlSettings\src\ofxXmlSettings.cpp">
      <Filter>addons\ofxXmlSettings\src</Filter>
    </ClCompile>
    <ClCompile Include="..\..\..\addons\ofxSimpleGuiToo\src\Controls\ofxSimpleGuiButton.cpp">
      <Filter>addons\ofxSimpleGuiToo\src\Controls</Filter>
    </ClCompile>
    <ClCompile Include="..\..\..\addons\ofxSimpleGuiToo\src\Controls\ofxSimpleGuiColorPicker.cpp">
      <Filter>addons\ofxSimpleGuiToo\src\Controls</Filter>
    </ClCompile>
    <ClCompile Include="..\..\..\addons\ofxSimpleGuiToo\src\Controls\ofxSimpleGuiComboBox.cpp">
      <Filter>addons\ofxSimpleGuiToo\src\Controls</Filter>
    </ClCompile>
    <ClCompile Include="..\..\..\addons\ofxSimpleGuiToo\src\Controls\ofxSimpleGuiContent.cpp">
      <Filter>addons\ofxSimpleGuiToo\src\Controls</Filter>
    </ClCompile>
    <ClCompile Include="..\..\..\addons\ofxSimpleGuiToo\src\Controls\ofxSimpleGuiFPSCounter.cpp">
      <Filter>addons\ofxSimpleGuiToo\src\Controls</Filter>
    </ClCompile>
    <ClCompile Include="..\..\..\addons\ofxSimpleGuiToo\src\Controls\ofxSimpleGuiMovieSlider.cpp">
      <Filter>addons\ofxSimpleGuiToo\src\Controls</Filter>
    </ClCompile>
    <ClCompile Include="..\..\..\addons\ofxSimpleGuiToo\src\Controls\ofxSimpleGuiQuadWarp.cpp">
      <Filter>addons\ofxSimpleGuiToo\src\Controls</Filter>
    </ClCompile>
    <ClCompile Include="..\..\..\addons\ofxSimpleGuiToo\src\Controls\ofxSimpleGuiSlider2d.cpp">
      <Filter>addons\ofxSimpleGuiToo\src\Controls</Filter>
    </ClCompile>
    <ClCompile Include="..\..\..\addons\ofxSimpleGuiToo\src\Controls\ofxSimpleGuiTitle.cpp">
      <Filter>addons\ofxSimpleGuiToo\src\Controls</Filter>
    </ClCompile>
    <ClCompile Include="..\..\..\addons\ofxSimpleGuiToo\src\Controls\ofxSimpleGuiToggle.cpp">
      <Filter>addons\ofxSimpleGuiToo\src\Controls</Filter>
    </ClCompile>
    <ClCompile Include="..\..\..\addons\ofxSimpleGuiToo\src\ofxSimpleGuiConfig.cpp">
      <Filter>addons\ofxSimpleGuiToo\src</Filter>
    </ClCompile>
    <ClCompile Include="..\..\..\addons\ofxSimpleGuiToo\src\ofxSimpleGuiControl.cpp">
      <Filter>addons\ofxSimpleGuiToo\src</Filter>
    </ClCompile>
    <ClCompile Include="..\..\..\addons\ofxSimpleGuiToo\src\ofxSimpleGuiPage.cpp">
      <Filter>addons\ofxSimpleGuiToo\src</Filter>
    </ClCompile>
    <ClCompile Include="..\..\..\addons\ofxSimpleGuiToo\src\ofxSimpleGuiToo.cpp">
      <Filter>addons\ofxSimpleGuiToo\src</Filter>
    </ClCompile>
    <ClCompile Include="..\..\..\addons\ofxSimpleGuiToo\src\ofxSimpleGuiValueControl.cpp">
      <Filter>addons\ofxSimpleGuiToo\src</Filter>
    </ClCompile>
    <ClCompile Include="..\..\..\addons\ofxFenster\src\ofxFenster.cpp">
      <Filter>addons\ofxFenster\src</Filter>
    </ClCompile>
    <ClCompile Include="src\math\Line2D.cpp">
      <Filter>math</Filter>
    </ClCompile>
    <ClCompile Include="src\utils\pointUtils.cpp">
      <Filter>utils</Filter>
    </ClCompile>
    <ClCompile Include="src\utils\Timer.cpp">
      <Filter>utils</Filter>
    </ClCompile>
    <ClCompile Include="src\utils\utils.cpp">
      <Filter>utils</Filter>
    </ClCompile>
    <ClCompile Include="src\pcm\PCM.cpp">
      <Filter>pcm</Filter>
    </ClCompile>
    <ClCompile Include="src\pcm\PCMThread.cpp">
      <Filter>pcm</Filter>
    </ClCompile>
    <ClCompile Include="src\pcm\TrackedCloud.cpp">
      <Filter>pcm</Filter>
    </ClCompile>
    <ClCompile Include="src\open-cv\OpenCV.cpp">
      <Filter>open-cv</Filter>
    </ClCompile>
    <ClCompile Include="src\model\Box.cpp">
      <Filter>model</Filter>
    </ClCompile>
    <ClCompile Include="src\model\Cylinder.cpp">
      <Filter>model</Filter>
    </ClCompile>
    <ClCompile Include="src\model\Model.cpp">
      <Filter>model</Filter>
    </ClCompile>
    <ClCompile Include="src\model\ModelObject.cpp">
      <Filter>model</Filter>
    </ClCompile>
    <ClCompile Include="src\model\Polygon.cpp">
      <Filter>model</Filter>
    </ClCompile>
    <ClCompile Include="src\model\Polyhedron.cpp">
      <Filter>model</Filter>
    </ClCompile>
    <ClCompile Include="src\model\Sphere.cpp">
      <Filter>model</Filter>
    </ClCompile>
    <ClCompile Include="src\model\PCModelObject.cpp">
      <Filter>model</Filter>
    </ClCompile>
    <ClCompile Include="src\model\PCPolyhedron.cpp">
      <Filter>model</Filter>
    </ClCompile>
    <ClCompile Include="src\model\PCQuadrilateral.cpp">
      <Filter>model</Filter>
    </ClCompile>
    <ClCompile Include="src\model\PCPolygon.cpp">
      <Filter>model</Filter>
    </ClCompile>
    <ClCompile Include="src\arduino\Arduino.cpp">
      <Filter>arduino</Filter>
    </ClCompile>
    <ClCompile Include="src\vm\VM.cpp">
      <Filter>vm</Filter>
    </ClCompile>
    <ClCompile Include="src\helpers\TxManager.cpp">
      <Filter>helpers</Filter>
    </ClCompile>
    <ClCompile Include="src\utils\ofGraphicsUtils.cpp">
      <Filter>utils</Filter>
    </ClCompile>
    <ClCompile Include="src\model\PCHand.cpp">
      <Filter>model</Filter>
    </ClCompile>
    <ClCompile Include="src\utils\objectTypesEnum.cpp">
      <Filter>utils</Filter>
    </ClCompile>
    <ClCompile Include="..\..\..\addons\ofxMutex\src\ofxMutex.cpp">
      <Filter>addons\ofxMutex\src</Filter>
    </ClCompile>
    <ClCompile Include="src\utils\ofVecUtils.cpp">
      <Filter>utils</Filter>
    </ClCompile>
    <ClCompile Include="src\model\Table.cpp">
      <Filter>model</Filter>
    </ClCompile>
    <ClCompile Include="src\utils\HandDetector.cpp">
      <Filter>utils</Filter>
    </ClCompile>
    <ClCompile Include="src\helpers\Feature.cpp">
      <Filter>helpers</Filter>
    </ClCompile>
    <ClCompile Include="src\helpers\mapinect.cpp">
      <Filter>helpers</Filter>
    </ClCompile>
    <ClCompile Include="src\helpers\mapinectApp.cpp">
      <Filter>helpers</Filter>
    </ClCompile>
    <ClCompile Include="src\helpers\EventManager.cpp">
      <Filter>helpers</Filter>
    </ClCompile>
    <ClCompile Include="src\helpers\ArmController.cpp">
      <Filter>helpers</Filter>
    </ClCompile>
    <ClCompile Include="src\model\Vertex.cpp">
      <Filter>model</Filter>
    </ClCompile>
    <ClCompile Include="src\model\PCBox.cpp">
      <Filter>model</Filter>
    </ClCompile>
    <ClCompile Include="src\pcm\ObjectsThread.cpp">
      <Filter>pcm</Filter>
    </ClCompile>
    <ClCompile Include="src\math\Plane3D.cpp">
      <Filter>math</Filter>
    </ClCompile>
    <ClCompile Include="src\math\Polygon3D.cpp">
      <Filter>math</Filter>
    </ClCompile>
    <ClCompile Include="src\math\Line3D.cpp">
      <Filter>math</Filter>
    </ClCompile>
  </ItemGroup>
  <ItemGroup>
    <ClInclude Include="..\..\..\addons\ofxOpenCv\src\ofxCvBlob.h">
      <Filter>addons\ofxOpenCv\src</Filter>
    </ClInclude>
    <ClInclude Include="..\..\..\addons\ofxOpenCv\src\ofxOpenCv.h">
      <Filter>addons\ofxOpenCv\src</Filter>
    </ClInclude>
    <ClInclude Include="..\..\..\addons\ofxOpenCv\src\ofxCvColorImage.h">
      <Filter>addons\ofxOpenCv\src</Filter>
    </ClInclude>
    <ClInclude Include="..\..\..\addons\ofxOpenCv\src\ofxCvConstants.h">
      <Filter>addons\ofxOpenCv\src</Filter>
    </ClInclude>
    <ClInclude Include="..\..\..\addons\ofxOpenCv\src\ofxCvContourFinder.h">
      <Filter>addons\ofxOpenCv\src</Filter>
    </ClInclude>
    <ClInclude Include="..\..\..\addons\ofxOpenCv\src\ofxCvFloatImage.h">
      <Filter>addons\ofxOpenCv\src</Filter>
    </ClInclude>
    <ClInclude Include="..\..\..\addons\ofxOpenCv\src\ofxCvGrayscaleImage.h">
      <Filter>addons\ofxOpenCv\src</Filter>
    </ClInclude>
    <ClInclude Include="..\..\..\addons\ofxOpenCv\src\ofxCvImage.h">
      <Filter>addons\ofxOpenCv\src</Filter>
    </ClInclude>
    <ClInclude Include="..\..\..\addons\ofxOpenCv\src\ofxCvMain.h">
      <Filter>addons\ofxOpenCv\src</Filter>
    </ClInclude>
    <ClInclude Include="..\..\..\addons\ofxOpenCv\src\ofxCvShortImage.h">
      <Filter>addons\ofxOpenCv\src</Filter>
    </ClInclude>
    <ClInclude Include="..\..\..\addons\ofxKinect\src\ofxBase3DVideo.h">
      <Filter>addons\ofxKinect\src</Filter>
    </ClInclude>
    <ClInclude Include="..\..\..\addons\ofxKinect\src\ofxKinectRecorder.h">
      <Filter>addons\ofxKinect\src</Filter>
    </ClInclude>
    <ClInclude Include="..\..\..\addons\ofxKinect\src\ofxKinect.h">
      <Filter>addons\ofxKinect\src</Filter>
    </ClInclude>
    <ClInclude Include="..\..\..\addons\ofxKinect\src\ofxKinectCalibration.h">
      <Filter>addons\ofxKinect\src</Filter>
    </ClInclude>
    <ClInclude Include="..\..\..\addons\ofxKinect\src\ofxKinectPlayer.h">
      <Filter>addons\ofxKinect\src</Filter>
    </ClInclude>
    <ClInclude Include="include\libfreenect.h">
      <Filter>addons</Filter>
    </ClInclude>
    <ClInclude Include="..\..\..\addons\ofxMSAInteractiveObject\src\ofxMSAInteractiveObject.h">
      <Filter>addons\ofxMSAInteractiveObjects\src</Filter>
    </ClInclude>
    <ClInclude Include="..\..\..\addons\ofxXmlSettings\libs\tinyxml.h">
      <Filter>addons\ofxXmlSettings\libs</Filter>
    </ClInclude>
    <ClInclude Include="..\..\..\addons\ofxXmlSettings\src\ofxXmlSettings.h">
      <Filter>addons\ofxXmlSettings\src</Filter>
    </ClInclude>
    <ClInclude Include="..\..\..\addons\ofxSimpleGuiToo\src\Controls\ofxSimpleGuiButton.h">
      <Filter>addons\ofxSimpleGuiToo\src\Controls</Filter>
    </ClInclude>
    <ClInclude Include="..\..\..\addons\ofxSimpleGuiToo\src\Controls\ofxSimpleGuiColorPicker.h">
      <Filter>addons\ofxSimpleGuiToo\src\Controls</Filter>
    </ClInclude>
    <ClInclude Include="..\..\..\addons\ofxSimpleGuiToo\src\Controls\ofxSimpleGuiComboBox.h">
      <Filter>addons\ofxSimpleGuiToo\src\Controls</Filter>
    </ClInclude>
    <ClInclude Include="..\..\..\addons\ofxSimpleGuiToo\src\Controls\ofxSimpleGuiContent.h">
      <Filter>addons\ofxSimpleGuiToo\src\Controls</Filter>
    </ClInclude>
    <ClInclude Include="..\..\..\addons\ofxSimpleGuiToo\src\Controls\ofxSimpleGuiFPSCounter.h">
      <Filter>addons\ofxSimpleGuiToo\src\Controls</Filter>
    </ClInclude>
    <ClInclude Include="..\..\..\addons\ofxSimpleGuiToo\src\Controls\ofxSimpleGuiMovieSlider.h">
      <Filter>addons\ofxSimpleGuiToo\src\Controls</Filter>
    </ClInclude>
    <ClInclude Include="..\..\..\addons\ofxSimpleGuiToo\src\Controls\ofxSimpleGuiQuadWarp.h">
      <Filter>addons\ofxSimpleGuiToo\src\Controls</Filter>
    </ClInclude>
    <ClInclude Include="..\..\..\addons\ofxSimpleGuiToo\src\Controls\ofxSimpleGuiSlider2d.h">
      <Filter>addons\ofxSimpleGuiToo\src\Controls</Filter>
    </ClInclude>
    <ClInclude Include="..\..\..\addons\ofxSimpleGuiToo\src\Controls\ofxSimpleGuiSliderBase.h">
      <Filter>addons\ofxSimpleGuiToo\src\Controls</Filter>
    </ClInclude>
    <ClInclude Include="..\..\..\addons\ofxSimpleGuiToo\src\Controls\ofxSimpleGuiSliderFloat.h">
      <Filter>addons\ofxSimpleGuiToo\src\Controls</Filter>
    </ClInclude>
    <ClInclude Include="..\..\..\addons\ofxSimpleGuiToo\src\Controls\ofxSimpleGuiSliderInt.h">
      <Filter>addons\ofxSimpleGuiToo\src\Controls</Filter>
    </ClInclude>
    <ClInclude Include="..\..\..\addons\ofxSimpleGuiToo\src\Controls\ofxSimpleGuiTitle.h">
      <Filter>addons\ofxSimpleGuiToo\src\Controls</Filter>
    </ClInclude>
    <ClInclude Include="..\..\..\addons\ofxSimpleGuiToo\src\Controls\ofxSimpleGuiToggle.h">
      <Filter>addons\ofxSimpleGuiToo\src\Controls</Filter>
    </ClInclude>
    <ClInclude Include="..\..\..\addons\ofxSimpleGuiToo\src\ofxSimpleGuiConfig.h">
      <Filter>addons\ofxSimpleGuiToo\src</Filter>
    </ClInclude>
    <ClInclude Include="..\..\..\addons\ofxSimpleGuiToo\src\ofxSimpleGuiControl.h">
      <Filter>addons\ofxSimpleGuiToo\src</Filter>
    </ClInclude>
    <ClInclude Include="..\..\..\addons\ofxSimpleGuiToo\src\ofxSimpleGuiIncludes.h">
      <Filter>addons\ofxSimpleGuiToo\src</Filter>
    </ClInclude>
    <ClInclude Include="..\..\..\addons\ofxSimpleGuiToo\src\ofxSimpleGuiPage.h">
      <Filter>addons\ofxSimpleGuiToo\src</Filter>
    </ClInclude>
    <ClInclude Include="..\..\..\addons\ofxSimpleGuiToo\src\ofxSimpleGuiToo.h">
      <Filter>addons\ofxSimpleGuiToo\src</Filter>
    </ClInclude>
    <ClInclude Include="..\..\..\addons\ofxSimpleGuiToo\src\ofxSimpleGuiValueControl.h">
      <Filter>addons\ofxSimpleGuiToo\src</Filter>
    </ClInclude>
    <ClInclude Include="..\..\..\addons\ofxFenster\src\ofxFenster.h">
      <Filter>addons\ofxFenster\src</Filter>
    </ClInclude>
    <ClInclude Include="src\math\Line2D.h">
      <Filter>math</Filter>
    </ClInclude>
    <ClInclude Include="src\utils\ofGraphicsUtils.h">
      <Filter>utils</Filter>
    </ClInclude>
    <ClInclude Include="src\utils\pointUtils.h">
      <Filter>utils</Filter>
    </ClInclude>
    <ClInclude Include="src\utils\Timer.h">
      <Filter>utils</Filter>
    </ClInclude>
    <ClInclude Include="src\utils\utils.h">
      <Filter>utils</Filter>
    </ClInclude>
    <ClInclude Include="src\utils\winUtils.h">
      <Filter>utils</Filter>
    </ClInclude>
    <ClInclude Include="src\pcm\PCM.h">
      <Filter>pcm</Filter>
    </ClInclude>
    <ClInclude Include="src\pcm\PCMThread.h">
      <Filter>pcm</Filter>
    </ClInclude>
    <ClInclude Include="src\pcm\TrackedCloud.h">
      <Filter>pcm</Filter>
    </ClInclude>
    <ClInclude Include="src\open-cv\OpenCV.h">
      <Filter>open-cv</Filter>
    </ClInclude>
    <ClInclude Include="src\model\Box.h">
      <Filter>model</Filter>
    </ClInclude>
    <ClInclude Include="src\model\Cylinder.h">
      <Filter>model</Filter>
    </ClInclude>
    <ClInclude Include="src\model\Model.h">
      <Filter>model</Filter>
    </ClInclude>
    <ClInclude Include="src\model\ModelObject.h">
      <Filter>model</Filter>
    </ClInclude>
    <ClInclude Include="src\model\Polygon.h">
      <Filter>model</Filter>
    </ClInclude>
    <ClInclude Include="src\model\Polyhedron.h">
      <Filter>model</Filter>
    </ClInclude>
    <ClInclude Include="src\model\Sphere.h">
      <Filter>model</Filter>
    </ClInclude>
    <ClInclude Include="src\model\PCModelObject.h">
      <Filter>model</Filter>
    </ClInclude>
    <ClInclude Include="src\model\PCPolyhedron.h">
      <Filter>model</Filter>
    </ClInclude>
    <ClInclude Include="src\model\PCQuadrilateral.h">
      <Filter>model</Filter>
    </ClInclude>
    <ClInclude Include="src\model\PCPolygon.h">
      <Filter>model</Filter>
    </ClInclude>
    <ClInclude Include="src\arduino\Arduino.h">
      <Filter>arduino</Filter>
    </ClInclude>
    <ClInclude Include="src\vm\VM.h">
      <Filter>vm</Filter>
    </ClInclude>
    <ClInclude Include="src\helpers\TxManager.h">
      <Filter>helpers</Filter>
    </ClInclude>
    <ClInclude Include="src\model\PCHand.h">
      <Filter>model</Filter>
    </ClInclude>
    <ClInclude Include="src\utils\objectTypesEnum.h">
      <Filter>utils</Filter>
    </ClInclude>
    <ClInclude Include="..\..\..\addons\ofxMutex\src\ofxMutex.h">
      <Filter>addons\ofxMutex\src</Filter>
    </ClInclude>
    <ClInclude Include="src\utils\ofVecUtils.h">
      <Filter>utils</Filter>
    </ClInclude>
    <ClInclude Include="src\model\AlignmentDetector.h">
      <Filter>model</Filter>
    </ClInclude>
    <ClInclude Include="src\model\Table.h">
      <Filter>model</Filter>
    </ClInclude>
    <ClInclude Include="src\utils\HandDetector.h">
      <Filter>utils</Filter>
    </ClInclude>
    <ClInclude Include="src\interfaces\IApplication.h">
      <Filter>interfaces</Filter>
    </ClInclude>
    <ClInclude Include="src\interfaces\ITxManager.h">
      <Filter>interfaces</Filter>
    </ClInclude>
    <ClInclude Include="src\interfaces\IObject.h">
      <Filter>interfaces</Filter>
    </ClInclude>
    <ClInclude Include="src\interfaces\IPolygon.h">
      <Filter>interfaces</Filter>
    </ClInclude>
    <ClInclude Include="src\helpers\Feature.h">
      <Filter>helpers</Filter>
    </ClInclude>
    <ClInclude Include="src\helpers\Constants.h">
      <Filter>helpers</Filter>
    </ClInclude>
    <ClInclude Include="src\helpers\Globals.h">
      <Filter>helpers</Filter>
    </ClInclude>
    <ClInclude Include="src\helpers\mapinectApp.h">
      <Filter>helpers</Filter>
    </ClInclude>
    <ClInclude Include="src\helpers\mapinectTypes.h">
      <Filter>helpers</Filter>
    </ClInclude>
    <ClInclude Include="src\interfaces\IMapinect.h">
      <Filter>interfaces</Filter>
    </ClInclude>
    <ClInclude Include="src\helpers\EventManager.h">
      <Filter>helpers</Filter>
    </ClInclude>
    <ClInclude Include="src\interfaces\DataMovement.h">
      <Filter>interfaces</Filter>
    </ClInclude>
    <ClInclude Include="src\interfaces\DataTouch.h">
      <Filter>interfaces</Filter>
    </ClInclude>
    <ClInclude Include="src\interfaces\IArmController.h">
      <Filter>interfaces</Filter>
    </ClInclude>
    <ClInclude Include="src\helpers\ArmController.h">
      <Filter>helpers</Filter>
    </ClInclude>
    <ClInclude Include="src\model\Vertex.h">
      <Filter>model</Filter>
    </ClInclude>
    <ClInclude Include="src\model\PCBox.h">
      <Filter>model</Filter>
    </ClInclude>
    <ClInclude Include="src\pcm\ObjectsThread.h">
      <Filter>pcm</Filter>
    </ClInclude>
    <ClInclude Include="src\math\Plane3D.h">
      <Filter>math</Filter>
    </ClInclude>
    <ClInclude Include="src\math\Polygon3D.h">
      <Filter>math</Filter>
    </ClInclude>
    <ClInclude Include="src\math\SortPolar.h">
      <Filter>math</Filter>
    </ClInclude>
    <ClInclude Include="src\math\ofPolar.h">
      <Filter>math</Filter>
    </ClInclude>
    <ClInclude Include="src\math\Line3D.h">
      <Filter>math</Filter>
    </ClInclude>
  </ItemGroup>
  <ItemGroup>
    <Filter Include="addons">
      <UniqueIdentifier>{d79abca0-5b91-4000-9e03-3b535f96d5b9}</UniqueIdentifier>
    </Filter>
    <Filter Include="addons\ofxOpenCv">
      <UniqueIdentifier>{41a2b0ca-3ef8-475b-97c2-628cf256ce13}</UniqueIdentifier>
    </Filter>
    <Filter Include="addons\ofxOpenCv\src">
      <UniqueIdentifier>{809c12a3-2279-4bd9-bbb6-c3240fd0cb4c}</UniqueIdentifier>
    </Filter>
    <Filter Include="addons\ofxKinect">
      <UniqueIdentifier>{dd683d0c-8377-4d0f-a27c-29abbc345faa}</UniqueIdentifier>
    </Filter>
    <Filter Include="addons\ofxKinect\src">
      <UniqueIdentifier>{46292536-2014-4dd0-b090-c8ddbfc7ff37}</UniqueIdentifier>
    </Filter>
    <Filter Include="addons\ofxSimpleGuiToo">
      <UniqueIdentifier>{ad77032a-578c-4394-b9ad-a95193b2f74f}</UniqueIdentifier>
    </Filter>
    <Filter Include="addons\ofxSimpleGuiToo\src">
      <UniqueIdentifier>{59f46bcf-2af9-41b4-8e49-744d77c7681f}</UniqueIdentifier>
    </Filter>
    <Filter Include="addons\ofxSimpleGuiToo\src\Controls">
      <UniqueIdentifier>{24f8aada-f7ff-47ea-8048-d366f4e33d0d}</UniqueIdentifier>
    </Filter>
    <Filter Include="addons\ofxMSAInteractiveObjects">
      <UniqueIdentifier>{283b475b-fe9c-4f0c-80d2-80df128fdaf2}</UniqueIdentifier>
    </Filter>
    <Filter Include="addons\ofxMSAInteractiveObjects\src">
      <UniqueIdentifier>{59fd43dc-e0f4-4744-aa75-98a7d3991f08}</UniqueIdentifier>
    </Filter>
    <Filter Include="addons\ofxXmlSettings">
      <UniqueIdentifier>{0da5f40c-582b-4660-95c1-f609ab2a262a}</UniqueIdentifier>
    </Filter>
    <Filter Include="addons\ofxXmlSettings\src">
      <UniqueIdentifier>{6df2dffd-22bf-4bf4-a548-a366771eda73}</UniqueIdentifier>
    </Filter>
    <Filter Include="addons\ofxXmlSettings\libs">
      <UniqueIdentifier>{e9dd2ef2-4215-46f5-87ce-3dc7ade75d35}</UniqueIdentifier>
    </Filter>
    <Filter Include="addons\ofxFenster">
      <UniqueIdentifier>{2ac87dc0-593d-4400-a07b-e0d3453c463c}</UniqueIdentifier>
    </Filter>
    <Filter Include="addons\ofxFenster\src">
      <UniqueIdentifier>{5f35bdcd-cad8-4e51-8264-1dea04c3daff}</UniqueIdentifier>
    </Filter>
    <Filter Include="open-cv">
      <UniqueIdentifier>{50efb8e2-dd99-485b-82e5-b7971af593f9}</UniqueIdentifier>
    </Filter>
    <Filter Include="math">
      <UniqueIdentifier>{0bf778b9-4834-4812-b354-0785ba61bc9b}</UniqueIdentifier>
    </Filter>
    <Filter Include="pcm">
      <UniqueIdentifier>{67b6a74c-f901-4bd8-9a5b-b31c145357ab}</UniqueIdentifier>
    </Filter>
    <Filter Include="model">
      <UniqueIdentifier>{122a32e6-cf85-4619-8880-c6122cba6b2f}</UniqueIdentifier>
    </Filter>
    <Filter Include="utils">
      <UniqueIdentifier>{954b758c-e7fc-490b-b7cd-a4f889ca4a31}</UniqueIdentifier>
    </Filter>
    <Filter Include="arduino">
      <UniqueIdentifier>{9605fff1-8eeb-4d38-bef1-e2f58f931ec9}</UniqueIdentifier>
    </Filter>
    <Filter Include="vm">
      <UniqueIdentifier>{89e6d4e9-6520-433b-967b-9913157b32d1}</UniqueIdentifier>
    </Filter>
    <Filter Include="helpers">
      <UniqueIdentifier>{a48df4ae-c3cd-453e-acd8-acb8d6ef7409}</UniqueIdentifier>
    </Filter>
    <Filter Include="addons\ofxMutex">
      <UniqueIdentifier>{38cb88e6-6f13-43bc-81af-151055a5847b}</UniqueIdentifier>
    </Filter>
    <Filter Include="addons\ofxMutex\src">
      <UniqueIdentifier>{7ddb906a-1a47-44c6-a34e-e15b5e506bb9}</UniqueIdentifier>
    </Filter>
    <Filter Include="interfaces">
      <UniqueIdentifier>{db5971d0-36d6-4b5a-ac65-a9d42bedf2b7}</UniqueIdentifier>
    </Filter>
  </ItemGroup>
</Project>