<?xml version="1.0" encoding="utf-8"?>
<Project ToolsVersion="4.0" xmlns="http://schemas.microsoft.com/developer/msbuild/2003">
  <ItemGroup>
    <ClCompile Include="src\testApp.cpp" />
    <ClCompile Include="src\main.cpp" />
    <ClCompile Include="..\..\..\addons\ofxOpenCv\src\ofxCvColorImage.cpp">
      <Filter>addons\ofxOpenCv\src</Filter>
    </ClCompile>
    <ClCompile Include="..\..\..\addons\ofxOpenCv\src\ofxCvContourFinder.cpp">
      <Filter>addons\ofxOpenCv\src</Filter>
    </ClCompile>
    <ClCompile Include="..\..\..\addons\ofxOpenCv\src\ofxCvFloatImage.cpp">
      <Filter>addons\ofxOpenCv\src</Filter>
    </ClCompile>
    <ClCompile Include="..\..\..\addons\ofxOpenCv\src\ofxCvGrayscaleImage.cpp">
      <Filter>addons\ofxOpenCv\src</Filter>
    </ClCompile>
    <ClCompile Include="..\..\..\addons\ofxOpenCv\src\ofxCvImage.cpp">
      <Filter>addons\ofxOpenCv\src</Filter>
    </ClCompile>
    <ClCompile Include="..\..\..\addons\ofxOpenCv\src\ofxCvShortImage.cpp">
      <Filter>addons\ofxOpenCv\src</Filter>
    </ClCompile>
    <ClCompile Include="..\..\..\addons\ofxKinect\src\ofxKinect.cpp">
      <Filter>addons\ofxKinect\src</Filter>
    </ClCompile>
    <ClCompile Include="..\..\..\addons\ofxKinect\src\ofxKinectCalibration.cpp">
      <Filter>addons\ofxKinect\src</Filter>
    </ClCompile>
    <ClCompile Include="..\..\..\addons\ofxKinect\src\ofxKinectPlayer.cpp">
      <Filter>addons\ofxKinect\src</Filter>
    </ClCompile>
    <ClCompile Include="..\..\..\addons\ofxKinect\src\ofxKinectRecorder.cpp">
      <Filter>addons\ofxKinect\src</Filter>
    </ClCompile>
    <ClCompile Include="..\..\..\addons\ofxThread\src\ofxThread.cpp">
      <Filter>addons\ofxThread</Filter>
    </ClCompile>
    <ClCompile Include="..\..\..\addons\ofxVectorMath\src\ofxMatrix3x3.cpp">
      <Filter>addons\ofxVectorMath</Filter>
    </ClCompile>
    <ClCompile Include="..\..\..\addons\ofxVectorMath\src\ofxMatrix4x4.cpp">
      <Filter>addons\ofxVectorMath</Filter>
    </ClCompile>
    <ClCompile Include="..\..\..\addons\ofxVectorMath\src\ofxQuaternion.cpp">
      <Filter>addons\ofxVectorMath</Filter>
    </ClCompile>
    <ClCompile Include="src\Line2D.cpp" />
    <ClCompile Include="src\Triangle2D.cpp" />
    <ClCompile Include="src\Quad3D.cpp" />
    <ClCompile Include="src\ofxVecUtils.cpp" />
    <ClCompile Include="src\pointUtils.cpp" />
  </ItemGroup>
  <ItemGroup>
    <ClInclude Include="src\testApp.h" />
    <ClInclude Include="..\..\..\addons\ofxOpenCv\src\ofxCvBlob.h">
      <Filter>addons\ofxOpenCv\src</Filter>
    </ClInclude>
    <ClInclude Include="..\..\..\addons\ofxOpenCv\src\ofxOpenCv.h">
      <Filter>addons\ofxOpenCv\src</Filter>
    </ClInclude>
    <ClInclude Include="..\..\..\addons\ofxOpenCv\src\ofxCvColorImage.h">
      <Filter>addons\ofxOpenCv\src</Filter>
    </ClInclude>
    <ClInclude Include="..\..\..\addons\ofxOpenCv\src\ofxCvConstants.h">
      <Filter>addons\ofxOpenCv\src</Filter>
    </ClInclude>
    <ClInclude Include="..\..\..\addons\ofxOpenCv\src\ofxCvContourFinder.h">
      <Filter>addons\ofxOpenCv\src</Filter>
    </ClInclude>
    <ClInclude Include="..\..\..\addons\ofxOpenCv\src\ofxCvFloatImage.h">
      <Filter>addons\ofxOpenCv\src</Filter>
    </ClInclude>
    <ClInclude Include="..\..\..\addons\ofxOpenCv\src\ofxCvGrayscaleImage.h">
      <Filter>addons\ofxOpenCv\src</Filter>
    </ClInclude>
    <ClInclude Include="..\..\..\addons\ofxOpenCv\src\ofxCvImage.h">
      <Filter>addons\ofxOpenCv\src</Filter>
    </ClInclude>
    <ClInclude Include="..\..\..\addons\ofxOpenCv\src\ofxCvMain.h">
      <Filter>addons\ofxOpenCv\src</Filter>
    </ClInclude>
    <ClInclude Include="..\..\..\addons\ofxOpenCv\src\ofxCvShortImage.h">
      <Filter>addons\ofxOpenCv\src</Filter>
    </ClInclude>
    <ClInclude Include="..\..\..\addons\ofxKinect\src\ofxBase3DVideo.h">
      <Filter>addons\ofxKinect\src</Filter>
    </ClInclude>
    <ClInclude Include="..\..\..\addons\ofxKinect\src\ofxKinectRecorder.h">
      <Filter>addons\ofxKinect\src</Filter>
    </ClInclude>
    <ClInclude Include="..\..\..\addons\ofxKinect\src\ofxKinect.h">
      <Filter>addons\ofxKinect\src</Filter>
    </ClInclude>
    <ClInclude Include="..\..\..\addons\ofxKinect\src\ofxKinectCalibration.h">
      <Filter>addons\ofxKinect\src</Filter>
    </ClInclude>
    <ClInclude Include="..\..\..\addons\ofxKinect\src\ofxKinectPlayer.h">
      <Filter>addons\ofxKinect\src</Filter>
    </ClInclude>
    <ClInclude Include="include\libfreenect.h">
      <Filter>addons</Filter>
    </ClInclude>
    <ClInclude Include="..\..\..\addons\ofxThread\src\ofxThread.h">
      <Filter>addons\ofxThread</Filter>
    </ClInclude>
    <ClInclude Include="..\..\..\addons\ofxVectorMath\src\ofxVectorMath.h">
      <Filter>addons\ofxVectorMath</Filter>
    </ClInclude>
    <ClInclude Include="..\..\..\addons\ofxVectorMath\src\ofxMatrix3x3.h">
      <Filter>addons\ofxVectorMath</Filter>
    </ClInclude>
    <ClInclude Include="..\..\..\addons\ofxVectorMath\src\ofxMatrix4x4.h">
      <Filter>addons\ofxVectorMath</Filter>
    </ClInclude>
    <ClInclude Include="..\..\..\addons\ofxVectorMath\src\ofxPoint2f.h">
      <Filter>addons\ofxVectorMath</Filter>
    </ClInclude>
    <ClInclude Include="..\..\..\addons\ofxVectorMath\src\ofxPoint3f.h">
      <Filter>addons\ofxVectorMath</Filter>
    </ClInclude>
    <ClInclude Include="..\..\..\addons\ofxVectorMath\src\ofxPoint4f.h">
      <Filter>addons\ofxVectorMath</Filter>
    </ClInclude>
    <ClInclude Include="..\..\..\addons\ofxVectorMath\src\ofxQuaternion.h">
      <Filter>addons\ofxVectorMath</Filter>
    </ClInclude>
    <ClInclude Include="..\..\..\addons\ofxVectorMath\src\ofxVec2f.h">
      <Filter>addons\ofxVectorMath</Filter>
    </ClInclude>
    <ClInclude Include="..\..\..\addons\ofxVectorMath\src\ofxVec3f.h">
      <Filter>addons\ofxVectorMath</Filter>
    </ClInclude>
    <ClInclude Include="..\..\..\addons\ofxVectorMath\src\ofxVec4f.h">
      <Filter>addons\ofxVectorMath</Filter>
    </ClInclude>
    <ClInclude Include="src\utils.h" />
    <ClInclude Include="src\pointUtils.h" />
    <ClInclude Include="src\Line2D.h" />
    <ClInclude Include="src\ofxVecUtils.h" />
    <ClInclude Include="src\Triangle2D.h" />
    <ClInclude Include="src\Quad3D.h" />
  </ItemGroup>
  <ItemGroup>
    <Filter Include="addons">
      <UniqueIdentifier>{d79abca0-5b91-4000-9e03-3b535f96d5b9}</UniqueIdentifier>
    </Filter>
    <Filter Include="addons\ofxOpenCv">
      <UniqueIdentifier>{41a2b0ca-3ef8-475b-97c2-628cf256ce13}</UniqueIdentifier>
    </Filter>
    <Filter Include="addons\ofxOpenCv\src">
      <UniqueIdentifier>{809c12a3-2279-4bd9-bbb6-c3240fd0cb4c}</UniqueIdentifier>
    </Filter>
    <Filter Include="addons\ofxKinect">
      <UniqueIdentifier>{dd683d0c-8377-4d0f-a27c-29abbc345faa}</UniqueIdentifier>
    </Filter>
    <Filter Include="addons\ofxKinect\src">
      <UniqueIdentifier>{46292536-2014-4dd0-b090-c8ddbfc7ff37}</UniqueIdentifier>
    </Filter>
    <Filter Include="addons\ofxThread">
      <UniqueIdentifier>{4badeeff-bae4-444e-84eb-4a8b148d12fe}</UniqueIdentifier>
    </Filter>
    <Filter Include="addons\ofxVectorMath">
      <UniqueIdentifier>{d808e85f-2f2e-4430-a33d-c3c04bc91f0b}</UniqueIdentifier>
    </Filter>
  </ItemGroup>
</Project>