<?xml version="1.0" encoding="utf-8"?>
<Project ToolsVersion="4.0" xmlns="http://schemas.microsoft.com/developer/msbuild/2003">
  <ItemGroup>
    <ClCompile Include="src\testApp.cpp" />
    <ClCompile Include="src\main.cpp" />
    <ClCompile Include="..\..\..\addons\ofxFenster\src\ofxFensterManager.cpp">
      <Filter>addons\ofxFenster\src</Filter>
    </ClCompile>
    <ClCompile Include="..\..\..\addons\ofxFenster\src\ofxFenster.cpp">
      <Filter>addons\ofxFenster\src</Filter>
    </ClCompile>
    <ClCompile Include="..\..\..\addons\ofxFenster\src\ofxDisplayManager.cpp">
      <Filter>addons\ofxFenster\src</Filter>
    </ClCompile>
    <ClCompile Include="..\..\..\addons\ofxFenster\src\ofxDisplay.cpp">
      <Filter>addons\ofxFenster\src</Filter>
    </ClCompile>
    <ClCompile Include="src\Looper.cpp" />
    <ClCompile Include="src\Visualizer.cpp" />
    <ClCompile Include="src\VisualizerApp.cpp" />
  </ItemGroup>
  <ItemGroup>
    <ClInclude Include="src\testApp.h" />
    <ClInclude Include="..\..\..\addons\ofxFenster\src\ofxFensterManager.h">
      <Filter>addons\ofxFenster\src</Filter>
    </ClInclude>
    <ClInclude Include="..\..\..\addons\ofxFenster\src\ofxFenster.h">
      <Filter>addons\ofxFenster\src</Filter>
    </ClInclude>
    <ClInclude Include="..\..\..\addons\ofxFenster\src\ofxDisplayManager.h">
      <Filter>addons\ofxFenster\src</Filter>
    </ClInclude>
    <ClInclude Include="..\..\..\addons\ofxFenster\src\ofxDisplay.h">
      <Filter>addons\ofxFenster\src</Filter>
    </ClInclude>
    <ClInclude Include="src\Looper.h" />
    <ClInclude Include="src\Visualizer.h" />
    <ClInclude Include="src\VisualizerApp.h" />
  </ItemGroup>
  <ItemGroup>
    <Filter Include="addons">
      <UniqueIdentifier>{b36e9f1c-2a12-4612-9cf0-1a7f1bf749af}</UniqueIdentifier>
    </Filter>
    <Filter Include="addons\ofxFenster">
      <UniqueIdentifier>{08b40def-991a-4d93-ad82-3a0fee725564}</UniqueIdentifier>
    </Filter>
    <Filter Include="addons\ofxFenster\src">
      <UniqueIdentifier>{3a819065-5ea0-49a3-88ec-044f1964f99c}</UniqueIdentifier>
    </Filter>
  </ItemGroup>
</Project>