<?xml version="1.0" encoding="utf-8"?>
<Project ToolsVersion="4.0" xmlns="http://schemas.microsoft.com/developer/msbuild/2003">
  <ItemGroup>
    <ClCompile Include="src\main.cpp" />
    <ClCompile Include="src\drawing\Drawing.cpp">
      <Filter>drawing</Filter>
    </ClCompile>
    <ClCompile Include="src\drawing\Trace.cpp">
      <Filter>drawing</Filter>
    </ClCompile>
    <ClCompile Include="src\drawing\Canvas.cpp">
      <Filter>drawing</Filter>
    </ClCompile>
  </ItemGroup>
  <ItemGroup>
    <Filter Include="drawing">
      <UniqueIdentifier>{5244f333-5b86-450f-8984-56087961afad}</UniqueIdentifier>
    </Filter>
  </ItemGroup>
  <ItemGroup>
    <ClInclude Include="src\drawing\Drawing.h">
      <Filter>drawing</Filter>
    </ClInclude>
    <ClInclude Include="src\drawing\Trace.h">
      <Filter>drawing</Filter>
    </ClInclude>
    <ClInclude Include="src\drawing\Canvas.h">
      <Filter>drawing</Filter>
    </ClInclude>
    <ClInclude Include="src\drawing\IDrawer.h">
      <Filter>drawing</Filter>
    </ClInclude>
    <ClInclude Include="src\drawing\IMapper.h">
      <Filter>drawing</Filter>
    </ClInclude>
  </ItemGroup>
</Project>