<?xml version="1.0" encoding="utf-8"?>
<Project ToolsVersion="4.0" xmlns="http://schemas.microsoft.com/developer/msbuild/2003">
  <ItemGroup>
    <ClCompile Include="src\photomanager\Grab.cpp">
      <Filter>photomanager</Filter>
    </ClCompile>
    <ClCompile Include="src\photomanager\PhotoManager.h">
      <Filter>photomanager</Filter>
    </ClCompile>
    <ClCompile Include="src\photomanager\Grab.h">
      <Filter>photomanager</Filter>
    </ClCompile>
    <ClCompile Include="src\photomanager\Photo.cpp">
      <Filter>photomanager</Filter>
    </ClCompile>
    <ClCompile Include="src\photomanager\Photo.h">
      <Filter>photomanager</Filter>
    </ClCompile>
    <ClCompile Include="src\photomanager\PhotoManager.cpp">
      <Filter>photomanager</Filter>
    </ClCompile>
    <ClCompile Include="src\main.cpp" />
  </ItemGroup>
  <ItemGroup>
    <Filter Include="photomanager">
      <UniqueIdentifier>{7a28a072-e0dd-4cb2-b8e2-b669b13bc7fc}</UniqueIdentifier>
    </Filter>
  </ItemGroup>
</Project>