<?xml version="1.0" encoding="utf-8"?>
<Project ToolsVersion="4.0" xmlns="http://schemas.microsoft.com/developer/msbuild/2003">
  <ItemGroup>
    <ClCompile Include="src\main.cpp" />
    <ClCompile Include="src\photomanager\Photo.cpp">
      <Filter>photomanager</Filter>
    </ClCompile>
    <ClCompile Include="src\photomanager\PhotoManager.cpp">
      <Filter>photomanager</Filter>
    </ClCompile>
    <ClCompile Include="src\photomanager\grab.cpp">
      <Filter>photomanager</Filter>
    </ClCompile>
  </ItemGroup>
  <ItemGroup>
    <Filter Include="photomanager">
      <UniqueIdentifier>{789b26d2-890f-42d1-bfa6-0d1e29022779}</UniqueIdentifier>
    </Filter>
  </ItemGroup>
  <ItemGroup>
    <ClInclude Include="src\photomanager\Grab.h">
      <Filter>photomanager</Filter>
    </ClInclude>
    <ClInclude Include="src\photomanager\Photo.h">
      <Filter>photomanager</Filter>
    </ClInclude>
    <ClInclude Include="src\photomanager\PhotoManager.h">
      <Filter>photomanager</Filter>
    </ClInclude>
  </ItemGroup>
</Project>