<?xml version="1.0" encoding="utf-8"?>
<Project ToolsVersion="4.0" xmlns="http://schemas.microsoft.com/developer/msbuild/2003">
  <ItemGroup>
    <ClCompile Include="src\main.cpp" />
    <ClCompile Include="src\buildings\Floor.cpp">
      <Filter>visualizerApp</Filter>
    </ClCompile>
    <ClCompile Include="src\buildings\VisualizerApp.cpp">
      <Filter>visualizerApp</Filter>
    </ClCompile>
    <ClCompile Include="src\buildings\Box.cpp">
      <Filter>visualizerApp</Filter>
    </ClCompile>
    <ClCompile Include="src\buildings\Looper.cpp">
      <Filter>visualizerApp</Filter>
    </ClCompile>
    <ClCompile Include="src\buildings\Visualizer.cpp">
      <Filter>visualizerApp</Filter>
    </ClCompile>
  </ItemGroup>
  <ItemGroup>
    <Filter Include="visualizerApp">
      <UniqueIdentifier>{5244f333-5b86-450f-8984-56087961afad}</UniqueIdentifier>
    </Filter>
  </ItemGroup>
  <ItemGroup>
    <ClInclude Include="src\buildings\Floor.h">
      <Filter>visualizerApp</Filter>
    </ClInclude>
    <ClInclude Include="src\buildings\VisualizerApp.h">
      <Filter>visualizerApp</Filter>
    </ClInclude>
    <ClInclude Include="src\buildings\Box.h">
      <Filter>visualizerApp</Filter>
    </ClInclude>
    <ClInclude Include="src\buildings\Looper.h">
      <Filter>visualizerApp</Filter>
    </ClInclude>
    <ClInclude Include="src\buildings\Visualizer.h">
      <Filter>visualizerApp</Filter>
    </ClInclude>
  </ItemGroup>
</Project>