<?xml version="1.0" encoding="utf-8"?>
<Project ToolsVersion="4.0" xmlns="http://schemas.microsoft.com/developer/msbuild/2003">
  <ItemGroup>
    <ClCompile Include="src\main.cpp" />
    <ClCompile Include="src\armCalibration\ArmCalibration.cpp">
      <Filter>armCalibration</Filter>
    </ClCompile>
  </ItemGroup>
  <ItemGroup>
    <Filter Include="armCalibration">
      <UniqueIdentifier>{789b26d2-890f-42d1-bfa6-0d1e29022779}</UniqueIdentifier>
    </Filter>
  </ItemGroup>
  <ItemGroup>
    <ClInclude Include="src\armCalibration\ArmCalibration.h">
      <Filter>armCalibration</Filter>
    </ClInclude>
  </ItemGroup>
</Project>